
Microsoft Visual Studio Solution File, Format Version 12.00
# Visual Studio Version 17
VisualStudioVersion = 17.14.37012.4
MinimumVisualStudioVersion = 10.0.40219.1
Project("{2150E333-8FDC-42A3-9474-1A3956D46DE8}") = "Services", "Services", "{02EA681E-C7D8-13C7-8484-4AC65E1B71E8}"
EndProject
Project("{2150E333-8FDC-42A3-9474-1A3956D46DE8}") = "Submission", "Submission", "{4018DCF1-6044-44A7-9343-435843F936C8}"
EndProject
Project("{FAE04EC0-301F-11D3-BF4B-00C04F79EFBC}") = "Submission.API", "Services\Submission\Submission.API\Submission.API.csproj", "{811A5938-F20E-49A7-80D1-ED406AB2B257}"
EndProject
Project("{FAE04EC0-301F-11D3-BF4B-00C04F79EFBC}") = "Submission.Application", "Services\Submission\Submission.Application\Submission.Application.csproj", "{AC017FBF-7332-4717-9856-A23D7958A4B0}"
EndProject
Project("{FAE04EC0-301F-11D3-BF4B-00C04F79EFBC}") = "Submission.Domain", "Services\Submission\Submission.Domain\Submission.Domain.csproj", "{A165705C-0685-456B-9B42-73E5131488A0}"
EndProject
Project("{FAE04EC0-301F-11D3-BF4B-00C04F79EFBC}") = "Submission.Persistence", "Services\Submission\Submission.Persistence\Submission.Persistence.csproj", "{2B97F8D1-2601-4E61-BC59-9E41DE6787DB}"
EndProject
Project("{2150E333-8FDC-42A3-9474-1A3956D46DE8}") = "BuildingBlocks", "BuildingBlocks", "{6C26CFF6-DE75-4C0D-BC6C-55141AA12D11}"
EndProject
Project("{FAE04EC0-301F-11D3-BF4B-00C04F79EFBC}") = "Articles.Abstractions", "BuildingBlocks\Articles.Abstractions\Articles.Abstractions.csproj", "{CF1693C9-139D-45DF-8FB5-E638B41FCCA9}"
EndProject
Project("{FAE04EC0-301F-11D3-BF4B-00C04F79EFBC}") = "Blocks.EntityFramework", "BuildingBlocks\Blocks.EntityFramework\Blocks.EntityFramework.csproj", "{830711EB-75D7-483D-BFE9-0964B8627993}"
EndProject
Project("{FAE04EC0-301F-11D3-BF4B-00C04F79EFBC}") = "Blocks.Domain", "BuildingBlocks\Blocks.Domain\Blocks.Domain.csproj", "{F7597DC9-D716-4167-99F6-1D079874FE43}"
EndProject
Project("{FAE04EC0-301F-11D3-BF4B-00C04F79EFBC}") = "Blocks.MediatR", "BuildingBlocks\Blocks.MediatR\Blocks.MediatR.csproj", "{9CB0CF7B-E2CE-4746-AB0E-953A8647B70A}"
EndProject
Project("{FAE04EC0-301F-11D3-BF4B-00C04F79EFBC}") = "Blocks.Exceptions", "BuildingBlocks\Blocks.Exceptions\Blocks.Exceptions.csproj", "{DD3E89D5-C06A-4D48-A398-64FC620D98BB}"
EndProject
Project("{FAE04EC0-301F-11D3-BF4B-00C04F79EFBC}") = "Blocks.Core", "BuildingBlocks\Blocks.Core\Blocks.Core.csproj", "{9DE1CDB7-4D87-438D-8267-D7C547183E53}"
EndProject
Project("{FAE04EC0-301F-11D3-BF4B-00C04F79EFBC}") = "Articles.Security", "BuildingBlocks\Articles.Security\Articles.Security.csproj", "{A15F809B-12DC-4100-B6D7-F503BABB7738}"
EndProject
Project("{2150E333-8FDC-42A3-9474-1A3956D46DE8}") = "Modules", "Modules", "{6B16D2EB-5126-40B3-BBED-28BD4B1DA73C}"
EndProject
Project("{2150E333-8FDC-42A3-9474-1A3956D46DE8}") = "FileStorage", "FileStorage", "{9956B491-8C11-47DE-80EC-252F1B77BE9B}"
EndProject
Project("{FAE04EC0-301F-11D3-BF4B-00C04F79EFBC}") = "FileStorage.Contracts", "Modules\FileStorage\FileStorage.Contracts\FileStorage.Contracts.csproj", "{BE53D1FB-5ABC-49FE-8146-1CD9852F45AE}"
EndProject
Project("{FAE04EC0-301F-11D3-BF4B-00C04F79EFBC}") = "FileStorage.MongoGridFS", "Modules\FileStorage\FileStorage.MongoGridFS\FileStorage.MongoGridFS.csproj", "{2693E4D1-6863-4303-B9DD-00A35E51E47F}"
EndProject
Project("{2150E333-8FDC-42A3-9474-1A3956D46DE8}") = "Auth", "Auth", "{3238713E-CD8E-4BB2-9D87-E7641E5BF77D}"
EndProject
Project("{FAE04EC0-301F-11D3-BF4B-00C04F79EFBC}") = "Auth.API", "services\Auth\Auth.API\Auth.API.csproj", "{DCD0A28F-71A8-453D-A8AD-26957F4E5A00}"
EndProject
Project("{FAE04EC0-301F-11D3-BF4B-00C04F79EFBC}") = "Auth.Application", "services\Auth\Auth.Application\Auth.Application.csproj", "{4C79CD07-1A13-49EA-8533-C60E2DD16D87}"
EndProject
Project("{FAE04EC0-301F-11D3-BF4B-00C04F79EFBC}") = "Auth.Domain", "services\Auth\Auth.Domain\Auth.Domain.csproj", "{72CEA3AD-6C3E-4E97-BB81-BEE2EB4CB0E8}"
EndProject
Project("{FAE04EC0-301F-11D3-BF4B-00C04F79EFBC}") = "Auth.Persistence", "services\Auth\Auth.Persistence\Auth.Persistence.csproj", "{888C11E4-38B0-4F37-98A8-A5F430262482}"
EndProject
Project("{2150E333-8FDC-42A3-9474-1A3956D46DE8}") = "EmailService", "EmailService", "{FDE77795-9A79-478F-A93E-2EBC0E79277F}"
EndProject
Project("{FAE04EC0-301F-11D3-BF4B-00C04F79EFBC}") = "EmailService.Contracts", "Modules\EmailService\EmailService.Contracts\EmailService.Contracts.csproj", "{5BAE6613-EDB0-4704-8BA8-1904D31002ED}"
EndProject
Project("{FAE04EC0-301F-11D3-BF4B-00C04F79EFBC}") = "EmailService.Smtp", "Modules\EmailService\EmailService.Smtp\EmailService.Smtp.csproj", "{6B22CB6E-C6CF-41DB-8CB6-5245FD7BD147}"
EndProject
Project("{FAE04EC0-301F-11D3-BF4B-00C04F79EFBC}") = "Blocks.AspNetCore", "BuildingBlocks\Blocks.AspNetCore\Blocks.AspNetCore.csproj", "{B61526D8-20FE-4301-A108-177F8A83D59E}"
EndProject
Project("{2150E333-8FDC-42A3-9474-1A3956D46DE8}") = "Journals", "Journals", "{A26FCF2B-4A57-4592-B7E4-D73EBCC1CC37}"
EndProject
Project("{FAE04EC0-301F-11D3-BF4B-00C04F79EFBC}") = "Journals.API", "Services\Journals\Journals.API\Journals.API.csproj", "{26637873-BDE4-4A99-842C-5B7A057E3400}"
EndProject
Project("{FAE04EC0-301F-11D3-BF4B-00C04F79EFBC}") = "Journals.Domain", "Services\Journals\Journals.Domain\Journals.Domain.csproj", "{2BCF0D72-88C6-4D96-83D3-5971E8D5C57D}"
EndProject
Project("{FAE04EC0-301F-11D3-BF4B-00C04F79EFBC}") = "Journals.Persistence", "Services\Journals\Journals.Persistence\Journals.Persistence.csproj", "{C71BC154-D51C-476C-948A-9B0F888D21A6}"
EndProject
Project("{FAE04EC0-301F-11D3-BF4B-00C04F79EFBC}") = "Blocks.Redis", "BuildingBlocks\Blocks.Redis\Blocks.Redis.csproj", "{E0232A78-2F8C-4954-BDE5-4741AB5D739B}"
EndProject
Project("{FAE04EC0-301F-11D3-BF4B-00C04F79EFBC}") = "Articles.Grpc.Contracts", "BuildingBlocks\Articles.Grpc.Contracts\Articles.Grpc.Contracts.csproj", "{80DAB382-074A-4474-BDE0-4E9EB023489E}"
EndProject
Global
	GlobalSection(SolutionConfigurationPlatforms) = preSolution
		Debug|Any CPU = Debug|Any CPU
		Release|Any CPU = Release|Any CPU
	EndGlobalSection
	GlobalSection(ProjectConfigurationPlatforms) = postSolution
		{811A5938-F20E-49A7-80D1-ED406AB2B257}.Debug|Any CPU.ActiveCfg = Debug|Any CPU
		{811A5938-F20E-49A7-80D1-ED406AB2B257}.Debug|Any CPU.Build.0 = Debug|Any CPU
		{811A5938-F20E-49A7-80D1-ED406AB2B257}.Release|Any CPU.ActiveCfg = Release|Any CPU
		{811A5938-F20E-49A7-80D1-ED406AB2B257}.Release|Any CPU.Build.0 = Release|Any CPU
		{AC017FBF-7332-4717-9856-A23D7958A4B0}.Debug|Any CPU.ActiveCfg = Debug|Any CPU
		{AC017FBF-7332-4717-9856-A23D7958A4B0}.Debug|Any CPU.Build.0 = Debug|Any CPU
		{AC017FBF-7332-4717-9856-A23D7958A4B0}.Release|Any CPU.ActiveCfg = Release|Any CPU
		{AC017FBF-7332-4717-9856-A23D7958A4B0}.Release|Any CPU.Build.0 = Release|Any CPU
		{A165705C-0685-456B-9B42-73E5131488A0}.Debug|Any CPU.ActiveCfg = Debug|Any CPU
		{A165705C-0685-456B-9B42-73E5131488A0}.Debug|Any CPU.Build.0 = Debug|Any CPU
		{A165705C-0685-456B-9B42-73E5131488A0}.Release|Any CPU.ActiveCfg = Release|Any CPU
		{A165705C-0685-456B-9B42-73E5131488A0}.Release|Any CPU.Build.0 = Release|Any CPU
		{2B97F8D1-2601-4E61-BC59-9E41DE6787DB}.Debug|Any CPU.ActiveCfg = Debug|Any CPU
		{2B97F8D1-2601-4E61-BC59-9E41DE6787DB}.Debug|Any CPU.Build.0 = Debug|Any CPU
		{2B97F8D1-2601-4E61-BC59-9E41DE6787DB}.Release|Any CPU.ActiveCfg = Release|Any CPU
		{2B97F8D1-2601-4E61-BC59-9E41DE6787DB}.Release|Any CPU.Build.0 = Release|Any CPU
		{CF1693C9-139D-45DF-8FB5-E638B41FCCA9}.Debug|Any CPU.ActiveCfg = Debug|Any CPU
		{CF1693C9-139D-45DF-8FB5-E638B41FCCA9}.Debug|Any CPU.Build.0 = Debug|Any CPU
		{CF1693C9-139D-45DF-8FB5-E638B41FCCA9}.Release|Any CPU.ActiveCfg = Release|Any CPU
		{CF1693C9-139D-45DF-8FB5-E638B41FCCA9}.Release|Any CPU.Build.0 = Release|Any CPU
		{830711EB-75D7-483D-BFE9-0964B8627993}.Debug|Any CPU.ActiveCfg = Debug|Any CPU
		{830711EB-75D7-483D-BFE9-0964B8627993}.Debug|Any CPU.Build.0 = Debug|Any CPU
		{830711EB-75D7-483D-BFE9-0964B8627993}.Release|Any CPU.ActiveCfg = Release|Any CPU
		{830711EB-75D7-483D-BFE9-0964B8627993}.Release|Any CPU.Build.0 = Release|Any CPU
		{F7597DC9-D716-4167-99F6-1D079874FE43}.Debug|Any CPU.ActiveCfg = Debug|Any CPU
		{F7597DC9-D716-4167-99F6-1D079874FE43}.Debug|Any CPU.Build.0 = Debug|Any CPU
		{F7597DC9-D716-4167-99F6-1D079874FE43}.Release|Any CPU.ActiveCfg = Release|Any CPU
		{F7597DC9-D716-4167-99F6-1D079874FE43}.Release|Any CPU.Build.0 = Release|Any CPU
		{9CB0CF7B-E2CE-4746-AB0E-953A8647B70A}.Debug|Any CPU.ActiveCfg = Debug|Any CPU
		{9CB0CF7B-E2CE-4746-AB0E-953A8647B70A}.Debug|Any CPU.Build.0 = Debug|Any CPU
		{9CB0CF7B-E2CE-4746-AB0E-953A8647B70A}.Release|Any CPU.ActiveCfg = Release|Any CPU
		{9CB0CF7B-E2CE-4746-AB0E-953A8647B70A}.Release|Any CPU.Build.0 = Release|Any CPU
		{DD3E89D5-C06A-4D48-A398-64FC620D98BB}.Debug|Any CPU.ActiveCfg = Debug|Any CPU
		{DD3E89D5-C06A-4D48-A398-64FC620D98BB}.Debug|Any CPU.Build.0 = Debug|Any CPU
		{DD3E89D5-C06A-4D48-A398-64FC620D98BB}.Release|Any CPU.ActiveCfg = Release|Any CPU
		{DD3E89D5-C06A-4D48-A398-64FC620D98BB}.Release|Any CPU.Build.0 = Release|Any CPU
		{9DE1CDB7-4D87-438D-8267-D7C547183E53}.Debug|Any CPU.ActiveCfg = Debug|Any CPU
		{9DE1CDB7-4D87-438D-8267-D7C547183E53}.Debug|Any CPU.Build.0 = Debug|Any CPU
		{9DE1CDB7-4D87-438D-8267-D7C547183E53}.Release|Any CPU.ActiveCfg = Release|Any CPU
		{9DE1CDB7-4D87-438D-8267-D7C547183E53}.Release|Any CPU.Build.0 = Release|Any CPU
		{A15F809B-12DC-4100-B6D7-F503BABB7738}.Debug|Any CPU.ActiveCfg = Debug|Any CPU
		{A15F809B-12DC-4100-B6D7-F503BABB7738}.Debug|Any CPU.Build.0 = Debug|Any CPU
		{A15F809B-12DC-4100-B6D7-F503BABB7738}.Release|Any CPU.ActiveCfg = Release|Any CPU
		{A15F809B-12DC-4100-B6D7-F503BABB7738}.Release|Any CPU.Build.0 = Release|Any CPU
		{BE53D1FB-5ABC-49FE-8146-1CD9852F45AE}.Debug|Any CPU.ActiveCfg = Debug|Any CPU
		{BE53D1FB-5ABC-49FE-8146-1CD9852F45AE}.Debug|Any CPU.Build.0 = Debug|Any CPU
		{BE53D1FB-5ABC-49FE-8146-1CD9852F45AE}.Release|Any CPU.ActiveCfg = Release|Any CPU
		{BE53D1FB-5ABC-49FE-8146-1CD9852F45AE}.Release|Any CPU.Build.0 = Release|Any CPU
		{2693E4D1-6863-4303-B9DD-00A35E51E47F}.Debug|Any CPU.ActiveCfg = Debug|Any CPU
		{2693E4D1-6863-4303-B9DD-00A35E51E47F}.Debug|Any CPU.Build.0 = Debug|Any CPU
		{2693E4D1-6863-4303-B9DD-00A35E51E47F}.Release|Any CPU.ActiveCfg = Release|Any CPU
		{2693E4D1-6863-4303-B9DD-00A35E51E47F}.Release|Any CPU.Build.0 = Release|Any CPU
		{DCD0A28F-71A8-453D-A8AD-26957F4E5A00}.Debug|Any CPU.ActiveCfg = Debug|Any CPU
		{DCD0A28F-71A8-453D-A8AD-26957F4E5A00}.Debug|Any CPU.Build.0 = Debug|Any CPU
		{DCD0A28F-71A8-453D-A8AD-26957F4E5A00}.Release|Any CPU.ActiveCfg = Release|Any CPU
		{DCD0A28F-71A8-453D-A8AD-26957F4E5A00}.Release|Any CPU.Build.0 = Release|Any CPU
		{4C79CD07-1A13-49EA-8533-C60E2DD16D87}.Debug|Any CPU.ActiveCfg = Debug|Any CPU
		{4C79CD07-1A13-49EA-8533-C60E2DD16D87}.Debug|Any CPU.Build.0 = Debug|Any CPU
		{4C79CD07-1A13-49EA-8533-C60E2DD16D87}.Release|Any CPU.ActiveCfg = Release|Any CPU
		{4C79CD07-1A13-49EA-8533-C60E2DD16D87}.Release|Any CPU.Build.0 = Release|Any CPU
		{72CEA3AD-6C3E-4E97-BB81-BEE2EB4CB0E8}.Debug|Any CPU.ActiveCfg = Debug|Any CPU
		{72CEA3AD-6C3E-4E97-BB81-BEE2EB4CB0E8}.Debug|Any CPU.Build.0 = Debug|Any CPU
		{72CEA3AD-6C3E-4E97-BB81-BEE2EB4CB0E8}.Release|Any CPU.ActiveCfg = Release|Any CPU
		{72CEA3AD-6C3E-4E97-BB81-BEE2EB4CB0E8}.Release|Any CPU.Build.0 = Release|Any CPU
		{888C11E4-38B0-4F37-98A8-A5F430262482}.Debug|Any CPU.ActiveCfg = Debug|Any CPU
		{888C11E4-38B0-4F37-98A8-A5F430262482}.Debug|Any CPU.Build.0 = Debug|Any CPU
		{888C11E4-38B0-4F37-98A8-A5F430262482}.Release|Any CPU.ActiveCfg = Release|Any CPU
		{888C11E4-38B0-4F37-98A8-A5F430262482}.Release|Any CPU.Build.0 = Release|Any CPU
		{5BAE6613-EDB0-4704-8BA8-1904D31002ED}.Debug|Any CPU.ActiveCfg = Debug|Any CPU
		{5BAE6613-EDB0-4704-8BA8-1904D31002ED}.Debug|Any CPU.Build.0 = Debug|Any CPU
		{5BAE6613-EDB0-4704-8BA8-1904D31002ED}.Release|Any CPU.ActiveCfg = Release|Any CPU
		{5BAE6613-EDB0-4704-8BA8-1904D31002ED}.Release|Any CPU.Build.0 = Release|Any CPU
		{6B22CB6E-C6CF-41DB-8CB6-5245FD7BD147}.Debug|Any CPU.ActiveCfg = Debug|Any CPU
		{6B22CB6E-C6CF-41DB-8CB6-5245FD7BD147}.Debug|Any CPU.Build.0 = Debug|Any CPU
		{6B22CB6E-C6CF-41DB-8CB6-5245FD7BD147}.Release|Any CPU.ActiveCfg = Release|Any CPU
		{6B22CB6E-C6CF-41DB-8CB6-5245FD7BD147}.Release|Any CPU.Build.0 = Release|Any CPU
		{B61526D8-20FE-4301-A108-177F8A83D59E}.Debug|Any CPU.ActiveCfg = Debug|Any CPU
		{B61526D8-20FE-4301-A108-177F8A83D59E}.Debug|Any CPU.Build.0 = Debug|Any CPU
		{B61526D8-20FE-4301-A108-177F8A83D59E}.Release|Any CPU.ActiveCfg = Release|Any CPU
		{B61526D8-20FE-4301-A108-177F8A83D59E}.Release|Any CPU.Build.0 = Release|Any CPU
		{26637873-BDE4-4A99-842C-5B7A057E3400}.Debug|Any CPU.ActiveCfg = Debug|Any CPU
		{26637873-BDE4-4A99-842C-5B7A057E3400}.Debug|Any CPU.Build.0 = Debug|Any CPU
		{26637873-BDE4-4A99-842C-5B7A057E3400}.Release|Any CPU.ActiveCfg = Release|Any CPU
		{26637873-BDE4-4A99-842C-5B7A057E3400}.Release|Any CPU.Build.0 = Release|Any CPU
		{2BCF0D72-88C6-4D96-83D3-5971E8D5C57D}.Debug|Any CPU.ActiveCfg = Debug|Any CPU
		{2BCF0D72-88C6-4D96-83D3-5971E8D5C57D}.Debug|Any CPU.Build.0 = Debug|Any CPU
		{2BCF0D72-88C6-4D96-83D3-5971E8D5C57D}.Release|Any CPU.ActiveCfg = Release|Any CPU
		{2BCF0D72-88C6-4D96-83D3-5971E8D5C57D}.Release|Any CPU.Build.0 = Release|Any CPU
		{C71BC154-D51C-476C-948A-9B0F888D21A6}.Debug|Any CPU.ActiveCfg = Debug|Any CPU
		{C71BC154-D51C-476C-948A-9B0F888D21A6}.Debug|Any CPU.Build.0 = Debug|Any CPU
		{C71BC154-D51C-476C-948A-9B0F888D21A6}.Release|Any CPU.ActiveCfg = Release|Any CPU
		{C71BC154-D51C-476C-948A-9B0F888D21A6}.Release|Any CPU.Build.0 = Release|Any CPU
		{E0232A78-2F8C-4954-BDE5-4741AB5D739B}.Debug|Any CPU.ActiveCfg = Debug|Any CPU
		{E0232A78-2F8C-4954-BDE5-4741AB5D739B}.Debug|Any CPU.Build.0 = Debug|Any CPU
		{E0232A78-2F8C-4954-BDE5-4741AB5D739B}.Release|Any CPU.ActiveCfg = Release|Any CPU
		{E0232A78-2F8C-4954-BDE5-4741AB5D739B}.Release|Any CPU.Build.0 = Release|Any CPU
		{80DAB382-074A-4474-BDE0-4E9EB023489E}.Debug|Any CPU.ActiveCfg = Debug|Any CPU
		{80DAB382-074A-4474-BDE0-4E9EB023489E}.Debug|Any CPU.Build.0 = Debug|Any CPU
		{80DAB382-074A-4474-BDE0-4E9EB023489E}.Release|Any CPU.ActiveCfg = Release|Any CPU
		{80DAB382-074A-4474-BDE0-4E9EB023489E}.Release|Any CPU.Build.0 = Release|Any CPU
	EndGlobalSection
	GlobalSection(SolutionProperties) = preSolution
		HideSolutionNode = FALSE
	EndGlobalSection
	GlobalSection(NestedProjects) = preSolution
		{4018DCF1-6044-44A7-9343-435843F936C8} = {02EA681E-C7D8-13C7-8484-4AC65E1B71E8}
		{811A5938-F20E-49A7-80D1-ED406AB2B257} = {4018DCF1-6044-44A7-9343-435843F936C8}
		{AC017FBF-7332-4717-9856-A23D7958A4B0} = {4018DCF1-6044-44A7-9343-435843F936C8}
		{A165705C-0685-456B-9B42-73E5131488A0} = {4018DCF1-6044-44A7-9343-435843F936C8}
		{2B97F8D1-2601-4E61-BC59-9E41DE6787DB} = {4018DCF1-6044-44A7-9343-435843F936C8}
		{CF1693C9-139D-45DF-8FB5-E638B41FCCA9} = {6C26CFF6-DE75-4C0D-BC6C-55141AA12D11}
		{830711EB-75D7-483D-BFE9-0964B8627993} = {6C26CFF6-DE75-4C0D-BC6C-55141AA12D11}
		{F7597DC9-D716-4167-99F6-1D079874FE43} = {6C26CFF6-DE75-4C0D-BC6C-55141AA12D11}
		{9CB0CF7B-E2CE-4746-AB0E-953A8647B70A} = {6C26CFF6-DE75-4C0D-BC6C-55141AA12D11}
		{DD3E89D5-C06A-4D48-A398-64FC620D98BB} = {6C26CFF6-DE75-4C0D-BC6C-55141AA12D11}
		{9DE1CDB7-4D87-438D-8267-D7C547183E53} = {6C26CFF6-DE75-4C0D-BC6C-55141AA12D11}
		{A15F809B-12DC-4100-B6D7-F503BABB7738} = {6C26CFF6-DE75-4C0D-BC6C-55141AA12D11}
		{9956B491-8C11-47DE-80EC-252F1B77BE9B} = {6B16D2EB-5126-40B3-BBED-28BD4B1DA73C}
		{BE53D1FB-5ABC-49FE-8146-1CD9852F45AE} = {9956B491-8C11-47DE-80EC-252F1B77BE9B}
		{2693E4D1-6863-4303-B9DD-00A35E51E47F} = {9956B491-8C11-47DE-80EC-252F1B77BE9B}
		{3238713E-CD8E-4BB2-9D87-E7641E5BF77D} = {02EA681E-C7D8-13C7-8484-4AC65E1B71E8}
		{DCD0A28F-71A8-453D-A8AD-26957F4E5A00} = {3238713E-CD8E-4BB2-9D87-E7641E5BF77D}
		{4C79CD07-1A13-49EA-8533-C60E2DD16D87} = {3238713E-CD8E-4BB2-9D87-E7641E5BF77D}
		{72CEA3AD-6C3E-4E97-BB81-BEE2EB4CB0E8} = {3238713E-CD8E-4BB2-9D87-E7641E5BF77D}
		{888C11E4-38B0-4F37-98A8-A5F430262482} = {3238713E-CD8E-4BB2-9D87-E7641E5BF77D}
		{FDE77795-9A79-478F-A93E-2EBC0E79277F} = {6B16D2EB-5126-40B3-BBED-28BD4B1DA73C}
		{5BAE6613-EDB0-4704-8BA8-1904D31002ED} = {FDE77795-9A79-478F-A93E-2EBC0E79277F}
		{6B22CB6E-C6CF-41DB-8CB6-5245FD7BD147} = {FDE77795-9A79-478F-A93E-2EBC0E79277F}
		{B61526D8-20FE-4301-A108-177F8A83D59E} = {6C26CFF6-DE75-4C0D-BC6C-55141AA12D11}
		{A26FCF2B-4A57-4592-B7E4-D73EBCC1CC37} = {02EA681E-C7D8-13C7-8484-4AC65E1B71E8}
		{26637873-BDE4-4A99-842C-5B7A057E3400} = {A26FCF2B-4A57-4592-B7E4-D73EBCC1CC37}
		{2BCF0D72-88C6-4D96-83D3-5971E8D5C57D} = {A26FCF2B-4A57-4592-B7E4-D73EBCC1CC37}
		{C71BC154-D51C-476C-948A-9B0F888D21A6} = {A26FCF2B-4A57-4592-B7E4-D73EBCC1CC37}
		{E0232A78-2F8C-4954-BDE5-4741AB5D739B} = {6C26CFF6-DE75-4C0D-BC6C-55141AA12D11}
		{80DAB382-074A-4474-BDE0-4E9EB023489E} = {6C26CFF6-DE75-4C0D-BC6C-55141AA12D11}
	EndGlobalSection
	GlobalSection(ExtensibilityGlobals) = postSolution
		SolutionGuid = {82B241E0-403A-4854-AB76-80ACCFCFEE5E}
	EndGlobalSection
EndGlobal
